
Microsoft Visual Studio Solution File, Format Version 12.00
# Visual Studio Version 16
VisualStudioVersion = 16.0.30011.22
MinimumVisualStudioVersion = 10.0.40219.1
Project("{FAE04EC0-301F-11D3-BF4B-00C04F79EFBC}") = "CentralitaHerencia", "CentralitaHerencia\CentralitaHerencia.csproj", "{345801D2-D574-43CA-8923-EF9A2ACB32A7}"
EndProject
Project("{FAE04EC0-301F-11D3-BF4B-00C04F79EFBC}") = "Test", "Test\Test.csproj", "{743C2EE9-46C9-4967-A351-498A89EF4C5F}"
EndProject
Project("{FAE04EC0-301F-11D3-BF4B-00C04F79EFBC}") = "FrmCentralita", "FrmPrincipal\FrmCentralita.csproj", "{80E74F36-D891-42D0-A772-BE93F4D2DDC3}"
EndProject
Project("{FAE04EC0-301F-11D3-BF4B-00C04F79EFBC}") = "TestUnitarioCentralita", "TestUnitarioCentralita\TestUnitarioCentralita.csproj", "{5DB76BD2-D29B-491F-8CEE-F7E258B75D94}"
EndProject
Global
	GlobalSection(SolutionConfigurationPlatforms) = preSolution
		Debug|Any CPU = Debug|Any CPU
		Release|Any CPU = Release|Any CPU
	EndGlobalSection
	GlobalSection(ProjectConfigurationPlatforms) = postSolution
		{345801D2-D574-43CA-8923-EF9A2ACB32A7}.Debug|Any CPU.ActiveCfg = Debug|Any CPU
		{345801D2-D574-43CA-8923-EF9A2ACB32A7}.Debug|Any CPU.Build.0 = Debug|Any CPU
		{345801D2-D574-43CA-8923-EF9A2ACB32A7}.Release|Any CPU.ActiveCfg = Release|Any CPU
		{345801D2-D574-43CA-8923-EF9A2ACB32A7}.Release|Any CPU.Build.0 = Release|Any CPU
		{743C2EE9-46C9-4967-A351-498A89EF4C5F}.Debug|Any CPU.ActiveCfg = Debug|Any CPU
		{743C2EE9-46C9-4967-A351-498A89EF4C5F}.Debug|Any CPU.Build.0 = Debug|Any CPU
		{743C2EE9-46C9-4967-A351-498A89EF4C5F}.Release|Any CPU.ActiveCfg = Release|Any CPU
		{743C2EE9-46C9-4967-A351-498A89EF4C5F}.Release|Any CPU.Build.0 = Release|Any CPU
		{80E74F36-D891-42D0-A772-BE93F4D2DDC3}.Debug|Any CPU.ActiveCfg = Debug|Any CPU
		{80E74F36-D891-42D0-A772-BE93F4D2DDC3}.Debug|Any CPU.Build.0 = Debug|Any CPU
		{80E74F36-D891-42D0-A772-BE93F4D2DDC3}.Release|Any CPU.ActiveCfg = Release|Any CPU
		{80E74F36-D891-42D0-A772-BE93F4D2DDC3}.Release|Any CPU.Build.0 = Release|Any CPU
		{5DB76BD2-D29B-491F-8CEE-F7E258B75D94}.Debug|Any CPU.ActiveCfg = Debug|Any CPU
		{5DB76BD2-D29B-491F-8CEE-F7E258B75D94}.Debug|Any CPU.Build.0 = Debug|Any CPU
		{5DB76BD2-D29B-491F-8CEE-F7E258B75D94}.Release|Any CPU.ActiveCfg = Release|Any CPU
		{5DB76BD2-D29B-491F-8CEE-F7E258B75D94}.Release|Any CPU.Build.0 = Release|Any CPU
	EndGlobalSection
	GlobalSection(SolutionProperties) = preSolution
		HideSolutionNode = FALSE
	EndGlobalSection
	GlobalSection(ExtensibilityGlobals) = postSolution
		SolutionGuid = {82F07797-7F81-41A8-BFA2-16B13D095B80}
	EndGlobalSection
EndGlobal
