
Microsoft Visual Studio Solution File, Format Version 12.00
# Visual Studio Version 16
VisualStudioVersion = 16.0.29920.165
MinimumVisualStudioVersion = 10.0.40219.1
Project("{FAE04EC0-301F-11D3-BF4B-00C04F79EFBC}") = "Biblioteca", "Biblioteca\Biblioteca.csproj", "{80A80FD6-0D05-4C0F-94C4-8009C8B265EF}"
EndProject
Project("{FAE04EC0-301F-11D3-BF4B-00C04F79EFBC}") = "ConsoleApp1", "ConsoleApp1\ConsoleApp1.csproj", "{50E170B3-E27F-48B0-8F20-D70E5EEE7336}"
EndProject
Project("{FAE04EC0-301F-11D3-BF4B-00C04F79EFBC}") = "Ejercicio11", "Ejercicio11\Ejercicio11.csproj", "{1C270CDA-C4E5-491B-81E7-B4B0B7EBA182}"
EndProject
Project("{FAE04EC0-301F-11D3-BF4B-00C04F79EFBC}") = "Ejercicio12", "Ejercicio12\Ejercicio12.csproj", "{F605D13C-2311-4287-963A-5EF9A41EBFE0}"
EndProject
Project("{FAE04EC0-301F-11D3-BF4B-00C04F79EFBC}") = "Ejercicio16", "Ejercicio13\Ejercicio16.csproj", "{7F1CD62D-C800-4CFA-B6F6-F709862B6E6B}"
EndProject
Project("{FAE04EC0-301F-11D3-BF4B-00C04F79EFBC}") = "Ejercicio17", "Ejercicio17\Ejercicio17.csproj", "{5DFD93CF-A3C9-43F3-852B-C68C97F6C088}"
EndProject
Project("{FAE04EC0-301F-11D3-BF4B-00C04F79EFBC}") = "TestChallenge", "TestChallenge\TestChallenge.csproj", "{F1BB5CA3-F48C-4E77-B413-CC3FEA4D99EC}"
EndProject
Project("{FAE04EC0-301F-11D3-BF4B-00C04F79EFBC}") = "Ejercicio29", "Ejercicio29\Ejercicio29.csproj", "{FF91284F-20E6-4C46-9A82-966BC7334EEF}"
EndProject
Global
	GlobalSection(SolutionConfigurationPlatforms) = preSolution
		Debug|Any CPU = Debug|Any CPU
		Release|Any CPU = Release|Any CPU
	EndGlobalSection
	GlobalSection(ProjectConfigurationPlatforms) = postSolution
		{80A80FD6-0D05-4C0F-94C4-8009C8B265EF}.Debug|Any CPU.ActiveCfg = Debug|Any CPU
		{80A80FD6-0D05-4C0F-94C4-8009C8B265EF}.Debug|Any CPU.Build.0 = Debug|Any CPU
		{80A80FD6-0D05-4C0F-94C4-8009C8B265EF}.Release|Any CPU.ActiveCfg = Release|Any CPU
		{80A80FD6-0D05-4C0F-94C4-8009C8B265EF}.Release|Any CPU.Build.0 = Release|Any CPU
		{50E170B3-E27F-48B0-8F20-D70E5EEE7336}.Debug|Any CPU.ActiveCfg = Debug|Any CPU
		{50E170B3-E27F-48B0-8F20-D70E5EEE7336}.Debug|Any CPU.Build.0 = Debug|Any CPU
		{50E170B3-E27F-48B0-8F20-D70E5EEE7336}.Release|Any CPU.ActiveCfg = Release|Any CPU
		{50E170B3-E27F-48B0-8F20-D70E5EEE7336}.Release|Any CPU.Build.0 = Release|Any CPU
		{1C270CDA-C4E5-491B-81E7-B4B0B7EBA182}.Debug|Any CPU.ActiveCfg = Debug|Any CPU
		{1C270CDA-C4E5-491B-81E7-B4B0B7EBA182}.Debug|Any CPU.Build.0 = Debug|Any CPU
		{1C270CDA-C4E5-491B-81E7-B4B0B7EBA182}.Release|Any CPU.ActiveCfg = Release|Any CPU
		{1C270CDA-C4E5-491B-81E7-B4B0B7EBA182}.Release|Any CPU.Build.0 = Release|Any CPU
		{F605D13C-2311-4287-963A-5EF9A41EBFE0}.Debug|Any CPU.ActiveCfg = Debug|Any CPU
		{F605D13C-2311-4287-963A-5EF9A41EBFE0}.Debug|Any CPU.Build.0 = Debug|Any CPU
		{F605D13C-2311-4287-963A-5EF9A41EBFE0}.Release|Any CPU.ActiveCfg = Release|Any CPU
		{F605D13C-2311-4287-963A-5EF9A41EBFE0}.Release|Any CPU.Build.0 = Release|Any CPU
		{7F1CD62D-C800-4CFA-B6F6-F709862B6E6B}.Debug|Any CPU.ActiveCfg = Debug|Any CPU
		{7F1CD62D-C800-4CFA-B6F6-F709862B6E6B}.Debug|Any CPU.Build.0 = Debug|Any CPU
		{7F1CD62D-C800-4CFA-B6F6-F709862B6E6B}.Release|Any CPU.ActiveCfg = Release|Any CPU
		{7F1CD62D-C800-4CFA-B6F6-F709862B6E6B}.Release|Any CPU.Build.0 = Release|Any CPU
		{5DFD93CF-A3C9-43F3-852B-C68C97F6C088}.Debug|Any CPU.ActiveCfg = Debug|Any CPU
		{5DFD93CF-A3C9-43F3-852B-C68C97F6C088}.Debug|Any CPU.Build.0 = Debug|Any CPU
		{5DFD93CF-A3C9-43F3-852B-C68C97F6C088}.Release|Any CPU.ActiveCfg = Release|Any CPU
		{5DFD93CF-A3C9-43F3-852B-C68C97F6C088}.Release|Any CPU.Build.0 = Release|Any CPU
		{F1BB5CA3-F48C-4E77-B413-CC3FEA4D99EC}.Debug|Any CPU.ActiveCfg = Debug|Any CPU
		{F1BB5CA3-F48C-4E77-B413-CC3FEA4D99EC}.Debug|Any CPU.Build.0 = Debug|Any CPU
		{F1BB5CA3-F48C-4E77-B413-CC3FEA4D99EC}.Release|Any CPU.ActiveCfg = Release|Any CPU
		{F1BB5CA3-F48C-4E77-B413-CC3FEA4D99EC}.Release|Any CPU.Build.0 = Release|Any CPU
		{FF91284F-20E6-4C46-9A82-966BC7334EEF}.Debug|Any CPU.ActiveCfg = Debug|Any CPU
		{FF91284F-20E6-4C46-9A82-966BC7334EEF}.Debug|Any CPU.Build.0 = Debug|Any CPU
		{FF91284F-20E6-4C46-9A82-966BC7334EEF}.Release|Any CPU.ActiveCfg = Release|Any CPU
		{FF91284F-20E6-4C46-9A82-966BC7334EEF}.Release|Any CPU.Build.0 = Release|Any CPU
	EndGlobalSection
	GlobalSection(SolutionProperties) = preSolution
		HideSolutionNode = FALSE
	EndGlobalSection
	GlobalSection(ExtensibilityGlobals) = postSolution
		SolutionGuid = {85A606E6-E673-43BB-A98D-DF807966A071}
	EndGlobalSection
EndGlobal
